
Microsoft Visual Studio Solution File, Format Version 12.00
# Visual Studio 2012
Project("{FAE04EC0-301F-11D3-BF4B-00C04F79EFBC}") = "CardGame.Data", "CardGame.Data\CardGame.Data.csproj", "{92C72494-085A-444C-BD9B-6FCE51E38F27}"
EndProject
Project("{FAE04EC0-301F-11D3-BF4B-00C04F79EFBC}") = "BlackJackGame", "BlackJack\BlackJackGame.csproj", "{490BE4C6-6910-49C4-8B74-D8AB0B72FEA3}"
EndProject
Project("{FAE04EC0-301F-11D3-BF4B-00C04F79EFBC}") = "BlackJackGame.Tests", "BlackJack.Tests\BlackJackGame.Tests.csproj", "{56864947-CF09-40D3-92E9-AB8875C8E815}"
EndProject
Global
	GlobalSection(SolutionConfigurationPlatforms) = preSolution
		Debug|Any CPU = Debug|Any CPU
		Release|Any CPU = Release|Any CPU
	EndGlobalSection
	GlobalSection(ProjectConfigurationPlatforms) = postSolution
		{92C72494-085A-444C-BD9B-6FCE51E38F27}.Debug|Any CPU.ActiveCfg = Debug|Any CPU
		{92C72494-085A-444C-BD9B-6FCE51E38F27}.Debug|Any CPU.Build.0 = Debug|Any CPU
		{92C72494-085A-444C-BD9B-6FCE51E38F27}.Release|Any CPU.ActiveCfg = Release|Any CPU
		{92C72494-085A-444C-BD9B-6FCE51E38F27}.Release|Any CPU.Build.0 = Release|Any CPU
		{490BE4C6-6910-49C4-8B74-D8AB0B72FEA3}.Debug|Any CPU.ActiveCfg = Debug|Any CPU
		{490BE4C6-6910-49C4-8B74-D8AB0B72FEA3}.Debug|Any CPU.Build.0 = Debug|Any CPU
		{490BE4C6-6910-49C4-8B74-D8AB0B72FEA3}.Release|Any CPU.ActiveCfg = Release|Any CPU
		{490BE4C6-6910-49C4-8B74-D8AB0B72FEA3}.Release|Any CPU.Build.0 = Release|Any CPU
		{56864947-CF09-40D3-92E9-AB8875C8E815}.Debug|Any CPU.ActiveCfg = Debug|Any CPU
		{56864947-CF09-40D3-92E9-AB8875C8E815}.Debug|Any CPU.Build.0 = Debug|Any CPU
		{56864947-CF09-40D3-92E9-AB8875C8E815}.Release|Any CPU.ActiveCfg = Release|Any CPU
		{56864947-CF09-40D3-92E9-AB8875C8E815}.Release|Any CPU.Build.0 = Release|Any CPU
	EndGlobalSection
	GlobalSection(SolutionProperties) = preSolution
		HideSolutionNode = FALSE
	EndGlobalSection
EndGlobal
